
Microsoft Visual Studio Solution File, Format Version 12.00
# Visual Studio 15
VisualStudioVersion = 15.0.26711.1
MinimumVisualStudioVersion = 10.0.40219.1
Project("{FAE04EC0-301F-11D3-BF4B-00C04F79EFBC}") = "DemoGPS.Android", "DemoGPS\DemoGPS.Android\DemoGPS.Android.csproj", "{192FCEE0-5D4F-4575-8C4A-A16B8CB4AAB7}"
EndProject
Project("{FAE04EC0-301F-11D3-BF4B-00C04F79EFBC}") = "DemoGPS", "DemoGPS\DemoGPS\DemoGPS.csproj", "{B917F4B5-5343-4528-8663-AC3605A49233}"
EndProject
Project("{FAE04EC0-301F-11D3-BF4B-00C04F79EFBC}") = "DemoGPS.UWP", "DemoGPS\DemoGPS.UWP\DemoGPS.UWP.csproj", "{4079537A-6A31-455C-905B-743CDE665128}"
EndProject
Project("{FAE04EC0-301F-11D3-BF4B-00C04F79EFBC}") = "DemoGPS.iOS", "DemoGPS\DemoGPS.iOS\DemoGPS.iOS.csproj", "{539A1405-38F6-45DF-9621-B0CC0C31FEF9}"
EndProject
Global
	GlobalSection(SolutionConfigurationPlatforms) = preSolution
		Ad-Hoc|Any CPU = Ad-Hoc|Any CPU
		Ad-Hoc|ARM = Ad-Hoc|ARM
		Ad-Hoc|iPhone = Ad-Hoc|iPhone
		Ad-Hoc|iPhoneSimulator = Ad-Hoc|iPhoneSimulator
		Ad-Hoc|x64 = Ad-Hoc|x64
		Ad-Hoc|x86 = Ad-Hoc|x86
		AppStore|Any CPU = AppStore|Any CPU
		AppStore|ARM = AppStore|ARM
		AppStore|iPhone = AppStore|iPhone
		AppStore|iPhoneSimulator = AppStore|iPhoneSimulator
		AppStore|x64 = AppStore|x64
		AppStore|x86 = AppStore|x86
		Debug|Any CPU = Debug|Any CPU
		Debug|ARM = Debug|ARM
		Debug|iPhone = Debug|iPhone
		Debug|iPhoneSimulator = Debug|iPhoneSimulator
		Debug|x64 = Debug|x64
		Debug|x86 = Debug|x86
		Release|Any CPU = Release|Any CPU
		Release|ARM = Release|ARM
		Release|iPhone = Release|iPhone
		Release|iPhoneSimulator = Release|iPhoneSimulator
		Release|x64 = Release|x64
		Release|x86 = Release|x86
	EndGlobalSection
	GlobalSection(ProjectConfigurationPlatforms) = postSolution
		{192FCEE0-5D4F-4575-8C4A-A16B8CB4AAB7}.Ad-Hoc|Any CPU.ActiveCfg = Release|Any CPU
		{192FCEE0-5D4F-4575-8C4A-A16B8CB4AAB7}.Ad-Hoc|Any CPU.Build.0 = Release|Any CPU
		{192FCEE0-5D4F-4575-8C4A-A16B8CB4AAB7}.Ad-Hoc|Any CPU.Deploy.0 = Release|Any CPU
		{192FCEE0-5D4F-4575-8C4A-A16B8CB4AAB7}.Ad-Hoc|ARM.ActiveCfg = Release|Any CPU
		{192FCEE0-5D4F-4575-8C4A-A16B8CB4AAB7}.Ad-Hoc|ARM.Build.0 = Release|Any CPU
		{192FCEE0-5D4F-4575-8C4A-A16B8CB4AAB7}.Ad-Hoc|ARM.Deploy.0 = Release|Any CPU
		{192FCEE0-5D4F-4575-8C4A-A16B8CB4AAB7}.Ad-Hoc|iPhone.ActiveCfg = Release|Any CPU
		{192FCEE0-5D4F-4575-8C4A-A16B8CB4AAB7}.Ad-Hoc|iPhone.Build.0 = Release|Any CPU
		{192FCEE0-5D4F-4575-8C4A-A16B8CB4AAB7}.Ad-Hoc|iPhone.Deploy.0 = Release|Any CPU
		{192FCEE0-5D4F-4575-8C4A-A16B8CB4AAB7}.Ad-Hoc|iPhoneSimulator.ActiveCfg = Release|Any CPU
		{192FCEE0-5D4F-4575-8C4A-A16B8CB4AAB7}.Ad-Hoc|iPhoneSimulator.Build.0 = Release|Any CPU
		{192FCEE0-5D4F-4575-8C4A-A16B8CB4AAB7}.Ad-Hoc|iPhoneSimulator.Deploy.0 = Release|Any CPU
		{192FCEE0-5D4F-4575-8C4A-A16B8CB4AAB7}.Ad-Hoc|x64.ActiveCfg = Release|Any CPU
		{192FCEE0-5D4F-4575-8C4A-A16B8CB4AAB7}.Ad-Hoc|x64.Build.0 = Release|Any CPU
		{192FCEE0-5D4F-4575-8C4A-A16B8CB4AAB7}.Ad-Hoc|x64.Deploy.0 = Release|Any CPU
		{192FCEE0-5D4F-4575-8C4A-A16B8CB4AAB7}.Ad-Hoc|x86.ActiveCfg = Release|Any CPU
		{192FCEE0-5D4F-4575-8C4A-A16B8CB4AAB7}.Ad-Hoc|x86.Build.0 = Release|Any CPU
		{192FCEE0-5D4F-4575-8C4A-A16B8CB4AAB7}.Ad-Hoc|x86.Deploy.0 = Release|Any CPU
		{192FCEE0-5D4F-4575-8C4A-A16B8CB4AAB7}.AppStore|Any CPU.ActiveCfg = Release|Any CPU
		{192FCEE0-5D4F-4575-8C4A-A16B8CB4AAB7}.AppStore|Any CPU.Build.0 = Release|Any CPU
		{192FCEE0-5D4F-4575-8C4A-A16B8CB4AAB7}.AppStore|Any CPU.Deploy.0 = Release|Any CPU
		{192FCEE0-5D4F-4575-8C4A-A16B8CB4AAB7}.AppStore|ARM.ActiveCfg = Release|Any CPU
		{192FCEE0-5D4F-4575-8C4A-A16B8CB4AAB7}.AppStore|ARM.Build.0 = Release|Any CPU
		{192FCEE0-5D4F-4575-8C4A-A16B8CB4AAB7}.AppStore|ARM.Deploy.0 = Release|Any CPU
		{192FCEE0-5D4F-4575-8C4A-A16B8CB4AAB7}.AppStore|iPhone.ActiveCfg = Release|Any CPU
		{192FCEE0-5D4F-4575-8C4A-A16B8CB4AAB7}.AppStore|iPhone.Build.0 = Release|Any CPU
		{192FCEE0-5D4F-4575-8C4A-A16B8CB4AAB7}.AppStore|iPhone.Deploy.0 = Release|Any CPU
		{192FCEE0-5D4F-4575-8C4A-A16B8CB4AAB7}.AppStore|iPhoneSimulator.ActiveCfg = Release|Any CPU
		{192FCEE0-5D4F-4575-8C4A-A16B8CB4AAB7}.AppStore|iPhoneSimulator.Build.0 = Release|Any CPU
		{192FCEE0-5D4F-4575-8C4A-A16B8CB4AAB7}.AppStore|iPhoneSimulator.Deploy.0 = Release|Any CPU
		{192FCEE0-5D4F-4575-8C4A-A16B8CB4AAB7}.AppStore|x64.ActiveCfg = Release|Any CPU
		{192FCEE0-5D4F-4575-8C4A-A16B8CB4AAB7}.AppStore|x64.Build.0 = Release|Any CPU
		{192FCEE0-5D4F-4575-8C4A-A16B8CB4AAB7}.AppStore|x64.Deploy.0 = Release|Any CPU
		{192FCEE0-5D4F-4575-8C4A-A16B8CB4AAB7}.AppStore|x86.ActiveCfg = Release|Any CPU
		{192FCEE0-5D4F-4575-8C4A-A16B8CB4AAB7}.AppStore|x86.Build.0 = Release|Any CPU
		{192FCEE0-5D4F-4575-8C4A-A16B8CB4AAB7}.AppStore|x86.Deploy.0 = Release|Any CPU
		{192FCEE0-5D4F-4575-8C4A-A16B8CB4AAB7}.Debug|Any CPU.ActiveCfg = Debug|Any CPU
		{192FCEE0-5D4F-4575-8C4A-A16B8CB4AAB7}.Debug|Any CPU.Build.0 = Debug|Any CPU
		{192FCEE0-5D4F-4575-8C4A-A16B8CB4AAB7}.Debug|Any CPU.Deploy.0 = Debug|Any CPU
		{192FCEE0-5D4F-4575-8C4A-A16B8CB4AAB7}.Debug|ARM.ActiveCfg = Debug|Any CPU
		{192FCEE0-5D4F-4575-8C4A-A16B8CB4AAB7}.Debug|ARM.Build.0 = Debug|Any CPU
		{192FCEE0-5D4F-4575-8C4A-A16B8CB4AAB7}.Debug|ARM.Deploy.0 = Debug|Any CPU
		{192FCEE0-5D4F-4575-8C4A-A16B8CB4AAB7}.Debug|iPhone.ActiveCfg = Debug|Any CPU
		{192FCEE0-5D4F-4575-8C4A-A16B8CB4AAB7}.Debug|iPhone.Build.0 = Debug|Any CPU
		{192FCEE0-5D4F-4575-8C4A-A16B8CB4AAB7}.Debug|iPhone.Deploy.0 = Debug|Any CPU
		{192FCEE0-5D4F-4575-8C4A-A16B8CB4AAB7}.Debug|iPhoneSimulator.ActiveCfg = Debug|Any CPU
		{192FCEE0-5D4F-4575-8C4A-A16B8CB4AAB7}.Debug|iPhoneSimulator.Build.0 = Debug|Any CPU
		{192FCEE0-5D4F-4575-8C4A-A16B8CB4AAB7}.Debug|iPhoneSimulator.Deploy.0 = Debug|Any CPU
		{192FCEE0-5D4F-4575-8C4A-A16B8CB4AAB7}.Debug|x64.ActiveCfg = Debug|Any CPU
		{192FCEE0-5D4F-4575-8C4A-A16B8CB4AAB7}.Debug|x64.Build.0 = Debug|Any CPU
		{192FCEE0-5D4F-4575-8C4A-A16B8CB4AAB7}.Debug|x64.Deploy.0 = Debug|Any CPU
		{192FCEE0-5D4F-4575-8C4A-A16B8CB4AAB7}.Debug|x86.ActiveCfg = Debug|Any CPU
		{192FCEE0-5D4F-4575-8C4A-A16B8CB4AAB7}.Debug|x86.Build.0 = Debug|Any CPU
		{192FCEE0-5D4F-4575-8C4A-A16B8CB4AAB7}.Debug|x86.Deploy.0 = Debug|Any CPU
		{192FCEE0-5D4F-4575-8C4A-A16B8CB4AAB7}.Release|Any CPU.ActiveCfg = Release|Any CPU
		{192FCEE0-5D4F-4575-8C4A-A16B8CB4AAB7}.Release|Any CPU.Build.0 = Release|Any CPU
		{192FCEE0-5D4F-4575-8C4A-A16B8CB4AAB7}.Release|Any CPU.Deploy.0 = Release|Any CPU
		{192FCEE0-5D4F-4575-8C4A-A16B8CB4AAB7}.Release|ARM.ActiveCfg = Release|Any CPU
		{192FCEE0-5D4F-4575-8C4A-A16B8CB4AAB7}.Release|ARM.Build.0 = Release|Any CPU
		{192FCEE0-5D4F-4575-8C4A-A16B8CB4AAB7}.Release|ARM.Deploy.0 = Release|Any CPU
		{192FCEE0-5D4F-4575-8C4A-A16B8CB4AAB7}.Release|iPhone.ActiveCfg = Release|Any CPU
		{192FCEE0-5D4F-4575-8C4A-A16B8CB4AAB7}.Release|iPhone.Build.0 = Release|Any CPU
		{192FCEE0-5D4F-4575-8C4A-A16B8CB4AAB7}.Release|iPhone.Deploy.0 = Release|Any CPU
		{192FCEE0-5D4F-4575-8C4A-A16B8CB4AAB7}.Release|iPhoneSimulator.ActiveCfg = Release|Any CPU
		{192FCEE0-5D4F-4575-8C4A-A16B8CB4AAB7}.Release|iPhoneSimulator.Build.0 = Release|Any CPU
		{192FCEE0-5D4F-4575-8C4A-A16B8CB4AAB7}.Release|iPhoneSimulator.Deploy.0 = Release|Any CPU
		{192FCEE0-5D4F-4575-8C4A-A16B8CB4AAB7}.Release|x64.ActiveCfg = Release|Any CPU
		{192FCEE0-5D4F-4575-8C4A-A16B8CB4AAB7}.Release|x64.Build.0 = Release|Any CPU
		{192FCEE0-5D4F-4575-8C4A-A16B8CB4AAB7}.Release|x64.Deploy.0 = Release|Any CPU
		{192FCEE0-5D4F-4575-8C4A-A16B8CB4AAB7}.Release|x86.ActiveCfg = Release|Any CPU
		{192FCEE0-5D4F-4575-8C4A-A16B8CB4AAB7}.Release|x86.Build.0 = Release|Any CPU
		{192FCEE0-5D4F-4575-8C4A-A16B8CB4AAB7}.Release|x86.Deploy.0 = Release|Any CPU
		{B917F4B5-5343-4528-8663-AC3605A49233}.Ad-Hoc|Any CPU.ActiveCfg = Release|Any CPU
		{B917F4B5-5343-4528-8663-AC3605A49233}.Ad-Hoc|Any CPU.Build.0 = Release|Any CPU
		{B917F4B5-5343-4528-8663-AC3605A49233}.Ad-Hoc|ARM.ActiveCfg = Release|Any CPU
		{B917F4B5-5343-4528-8663-AC3605A49233}.Ad-Hoc|ARM.Build.0 = Release|Any CPU
		{B917F4B5-5343-4528-8663-AC3605A49233}.Ad-Hoc|iPhone.ActiveCfg = Release|Any CPU
		{B917F4B5-5343-4528-8663-AC3605A49233}.Ad-Hoc|iPhone.Build.0 = Release|Any CPU
		{B917F4B5-5343-4528-8663-AC3605A49233}.Ad-Hoc|iPhoneSimulator.ActiveCfg = Release|Any CPU
		{B917F4B5-5343-4528-8663-AC3605A49233}.Ad-Hoc|iPhoneSimulator.Build.0 = Release|Any CPU
		{B917F4B5-5343-4528-8663-AC3605A49233}.Ad-Hoc|x64.ActiveCfg = Release|Any CPU
		{B917F4B5-5343-4528-8663-AC3605A49233}.Ad-Hoc|x64.Build.0 = Release|Any CPU
		{B917F4B5-5343-4528-8663-AC3605A49233}.Ad-Hoc|x86.ActiveCfg = Release|Any CPU
		{B917F4B5-5343-4528-8663-AC3605A49233}.Ad-Hoc|x86.Build.0 = Release|Any CPU
		{B917F4B5-5343-4528-8663-AC3605A49233}.AppStore|Any CPU.ActiveCfg = Release|Any CPU
		{B917F4B5-5343-4528-8663-AC3605A49233}.AppStore|Any CPU.Build.0 = Release|Any CPU
		{B917F4B5-5343-4528-8663-AC3605A49233}.AppStore|ARM.ActiveCfg = Release|Any CPU
		{B917F4B5-5343-4528-8663-AC3605A49233}.AppStore|ARM.Build.0 = Release|Any CPU
		{B917F4B5-5343-4528-8663-AC3605A49233}.AppStore|iPhone.ActiveCfg = Release|Any CPU
		{B917F4B5-5343-4528-8663-AC3605A49233}.AppStore|iPhone.Build.0 = Release|Any CPU
		{B917F4B5-5343-4528-8663-AC3605A49233}.AppStore|iPhoneSimulator.ActiveCfg = Release|Any CPU
		{B917F4B5-5343-4528-8663-AC3605A49233}.AppStore|iPhoneSimulator.Build.0 = Release|Any CPU
		{B917F4B5-5343-4528-8663-AC3605A49233}.AppStore|x64.ActiveCfg = Release|Any CPU
		{B917F4B5-5343-4528-8663-AC3605A49233}.AppStore|x64.Build.0 = Release|Any CPU
		{B917F4B5-5343-4528-8663-AC3605A49233}.AppStore|x86.ActiveCfg = Release|Any CPU
		{B917F4B5-5343-4528-8663-AC3605A49233}.AppStore|x86.Build.0 = Release|Any CPU
		{B917F4B5-5343-4528-8663-AC3605A49233}.Debug|Any CPU.ActiveCfg = Debug|Any CPU
		{B917F4B5-5343-4528-8663-AC3605A49233}.Debug|Any CPU.Build.0 = Debug|Any CPU
		{B917F4B5-5343-4528-8663-AC3605A49233}.Debug|ARM.ActiveCfg = Debug|Any CPU
		{B917F4B5-5343-4528-8663-AC3605A49233}.Debug|ARM.Build.0 = Debug|Any CPU
		{B917F4B5-5343-4528-8663-AC3605A49233}.Debug|iPhone.ActiveCfg = Debug|Any CPU
		{B917F4B5-5343-4528-8663-AC3605A49233}.Debug|iPhone.Build.0 = Debug|Any CPU
		{B917F4B5-5343-4528-8663-AC3605A49233}.Debug|iPhoneSimulator.ActiveCfg = Debug|Any CPU
		{B917F4B5-5343-4528-8663-AC3605A49233}.Debug|iPhoneSimulator.Build.0 = Debug|Any CPU
		{B917F4B5-5343-4528-8663-AC3605A49233}.Debug|x64.ActiveCfg = Debug|Any CPU
		{B917F4B5-5343-4528-8663-AC3605A49233}.Debug|x64.Build.0 = Debug|Any CPU
		{B917F4B5-5343-4528-8663-AC3605A49233}.Debug|x86.ActiveCfg = Debug|Any CPU
		{B917F4B5-5343-4528-8663-AC3605A49233}.Debug|x86.Build.0 = Debug|Any CPU
		{B917F4B5-5343-4528-8663-AC3605A49233}.Release|Any CPU.ActiveCfg = Release|Any CPU
		{B917F4B5-5343-4528-8663-AC3605A49233}.Release|Any CPU.Build.0 = Release|Any CPU
		{B917F4B5-5343-4528-8663-AC3605A49233}.Release|ARM.ActiveCfg = Release|Any CPU
		{B917F4B5-5343-4528-8663-AC3605A49233}.Release|ARM.Build.0 = Release|Any CPU
		{B917F4B5-5343-4528-8663-AC3605A49233}.Release|iPhone.ActiveCfg = Release|Any CPU
		{B917F4B5-5343-4528-8663-AC3605A49233}.Release|iPhone.Build.0 = Release|Any CPU
		{B917F4B5-5343-4528-8663-AC3605A49233}.Release|iPhoneSimulator.ActiveCfg = Release|Any CPU
		{B917F4B5-5343-4528-8663-AC3605A49233}.Release|iPhoneSimulator.Build.0 = Release|Any CPU
		{B917F4B5-5343-4528-8663-AC3605A49233}.Release|x64.ActiveCfg = Release|Any CPU
		{B917F4B5-5343-4528-8663-AC3605A49233}.Release|x64.Build.0 = Release|Any CPU
		{B917F4B5-5343-4528-8663-AC3605A49233}.Release|x86.ActiveCfg = Release|Any CPU
		{B917F4B5-5343-4528-8663-AC3605A49233}.Release|x86.Build.0 = Release|Any CPU
		{4079537A-6A31-455C-905B-743CDE665128}.Ad-Hoc|Any CPU.ActiveCfg = Release|x86
		{4079537A-6A31-455C-905B-743CDE665128}.Ad-Hoc|Any CPU.Build.0 = Release|x86
		{4079537A-6A31-455C-905B-743CDE665128}.Ad-Hoc|Any CPU.Deploy.0 = Release|x86
		{4079537A-6A31-455C-905B-743CDE665128}.Ad-Hoc|ARM.ActiveCfg = Release|ARM
		{4079537A-6A31-455C-905B-743CDE665128}.Ad-Hoc|ARM.Build.0 = Release|ARM
		{4079537A-6A31-455C-905B-743CDE665128}.Ad-Hoc|ARM.Deploy.0 = Release|ARM
		{4079537A-6A31-455C-905B-743CDE665128}.Ad-Hoc|iPhone.ActiveCfg = Release|x86
		{4079537A-6A31-455C-905B-743CDE665128}.Ad-Hoc|iPhone.Build.0 = Release|x86
		{4079537A-6A31-455C-905B-743CDE665128}.Ad-Hoc|iPhone.Deploy.0 = Release|x86
		{4079537A-6A31-455C-905B-743CDE665128}.Ad-Hoc|iPhoneSimulator.ActiveCfg = Release|x86
		{4079537A-6A31-455C-905B-743CDE665128}.Ad-Hoc|iPhoneSimulator.Build.0 = Release|x86
		{4079537A-6A31-455C-905B-743CDE665128}.Ad-Hoc|iPhoneSimulator.Deploy.0 = Release|x86
		{4079537A-6A31-455C-905B-743CDE665128}.Ad-Hoc|x64.ActiveCfg = Release|x64
		{4079537A-6A31-455C-905B-743CDE665128}.Ad-Hoc|x64.Build.0 = Release|x64
		{4079537A-6A31-455C-905B-743CDE665128}.Ad-Hoc|x64.Deploy.0 = Release|x64
		{4079537A-6A31-455C-905B-743CDE665128}.Ad-Hoc|x86.ActiveCfg = Release|x86
		{4079537A-6A31-455C-905B-743CDE665128}.Ad-Hoc|x86.Build.0 = Release|x86
		{4079537A-6A31-455C-905B-743CDE665128}.Ad-Hoc|x86.Deploy.0 = Release|x86
		{4079537A-6A31-455C-905B-743CDE665128}.AppStore|Any CPU.ActiveCfg = Release|x86
		{4079537A-6A31-455C-905B-743CDE665128}.AppStore|Any CPU.Build.0 = Release|x86
		{4079537A-6A31-455C-905B-743CDE665128}.AppStore|Any CPU.Deploy.0 = Release|x86
		{4079537A-6A31-455C-905B-743CDE665128}.AppStore|ARM.ActiveCfg = Release|ARM
		{4079537A-6A31-455C-905B-743CDE665128}.AppStore|ARM.Build.0 = Release|ARM
		{4079537A-6A31-455C-905B-743CDE665128}.AppStore|ARM.Deploy.0 = Release|ARM
		{4079537A-6A31-455C-905B-743CDE665128}.AppStore|iPhone.ActiveCfg = Release|x86
		{4079537A-6A31-455C-905B-743CDE665128}.AppStore|iPhone.Build.0 = Release|x86
		{4079537A-6A31-455C-905B-743CDE665128}.AppStore|iPhone.Deploy.0 = Release|x86
		{4079537A-6A31-455C-905B-743CDE665128}.AppStore|iPhoneSimulator.ActiveCfg = Release|x86
		{4079537A-6A31-455C-905B-743CDE665128}.AppStore|iPhoneSimulator.Build.0 = Release|x86
		{4079537A-6A31-455C-905B-743CDE665128}.AppStore|iPhoneSimulator.Deploy.0 = Release|x86
		{4079537A-6A31-455C-905B-743CDE665128}.AppStore|x64.ActiveCfg = Release|x64
		{4079537A-6A31-455C-905B-743CDE665128}.AppStore|x64.Build.0 = Release|x64
		{4079537A-6A31-455C-905B-743CDE665128}.AppStore|x64.Deploy.0 = Release|x64
		{4079537A-6A31-455C-905B-743CDE665128}.AppStore|x86.ActiveCfg = Release|x86
		{4079537A-6A31-455C-905B-743CDE665128}.AppStore|x86.Build.0 = Release|x86
		{4079537A-6A31-455C-905B-743CDE665128}.AppStore|x86.Deploy.0 = Release|x86
		{4079537A-6A31-455C-905B-743CDE665128}.Debug|Any CPU.ActiveCfg = Debug|x86
		{4079537A-6A31-455C-905B-743CDE665128}.Debug|ARM.ActiveCfg = Debug|ARM
		{4079537A-6A31-455C-905B-743CDE665128}.Debug|ARM.Build.0 = Debug|ARM
		{4079537A-6A31-455C-905B-743CDE665128}.Debug|ARM.Deploy.0 = Debug|ARM
		{4079537A-6A31-455C-905B-743CDE665128}.Debug|iPhone.ActiveCfg = Debug|x86
		{4079537A-6A31-455C-905B-743CDE665128}.Debug|iPhoneSimulator.ActiveCfg = Debug|x86
		{4079537A-6A31-455C-905B-743CDE665128}.Debug|x64.ActiveCfg = Debug|x64
		{4079537A-6A31-455C-905B-743CDE665128}.Debug|x64.Build.0 = Debug|x64
		{4079537A-6A31-455C-905B-743CDE665128}.Debug|x64.Deploy.0 = Debug|x64
		{4079537A-6A31-455C-905B-743CDE665128}.Debug|x86.ActiveCfg = Debug|x86
		{4079537A-6A31-455C-905B-743CDE665128}.Debug|x86.Build.0 = Debug|x86
		{4079537A-6A31-455C-905B-743CDE665128}.Debug|x86.Deploy.0 = Debug|x86
		{4079537A-6A31-455C-905B-743CDE665128}.Release|Any CPU.ActiveCfg = Release|x86
		{4079537A-6A31-455C-905B-743CDE665128}.Release|ARM.ActiveCfg = Release|ARM
		{4079537A-6A31-455C-905B-743CDE665128}.Release|ARM.Build.0 = Release|ARM
		{4079537A-6A31-455C-905B-743CDE665128}.Release|ARM.Deploy.0 = Release|ARM
		{4079537A-6A31-455C-905B-743CDE665128}.Release|iPhone.ActiveCfg = Release|x86
		{4079537A-6A31-455C-905B-743CDE665128}.Release|iPhoneSimulator.ActiveCfg = Release|x86
		{4079537A-6A31-455C-905B-743CDE665128}.Release|x64.ActiveCfg = Release|x64
		{4079537A-6A31-455C-905B-743CDE665128}.Release|x64.Build.0 = Release|x64
		{4079537A-6A31-455C-905B-743CDE665128}.Release|x64.Deploy.0 = Release|x64
		{4079537A-6A31-455C-905B-743CDE665128}.Release|x86.ActiveCfg = Release|x86
		{4079537A-6A31-455C-905B-743CDE665128}.Release|x86.Build.0 = Release|x86
		{4079537A-6A31-455C-905B-743CDE665128}.Release|x86.Deploy.0 = Release|x86
		{539A1405-38F6-45DF-9621-B0CC0C31FEF9}.Ad-Hoc|Any CPU.ActiveCfg = Ad-Hoc|iPhone
		{539A1405-38F6-45DF-9621-B0CC0C31FEF9}.Ad-Hoc|ARM.ActiveCfg = Ad-Hoc|iPhone
		{539A1405-38F6-45DF-9621-B0CC0C31FEF9}.Ad-Hoc|iPhone.ActiveCfg = Ad-Hoc|iPhone
		{539A1405-38F6-45DF-9621-B0CC0C31FEF9}.Ad-Hoc|iPhone.Build.0 = Ad-Hoc|iPhone
		{539A1405-38F6-45DF-9621-B0CC0C31FEF9}.Ad-Hoc|iPhoneSimulator.ActiveCfg = Ad-Hoc|iPhoneSimulator
		{539A1405-38F6-45DF-9621-B0CC0C31FEF9}.Ad-Hoc|iPhoneSimulator.Build.0 = Ad-Hoc|iPhoneSimulator
		{539A1405-38F6-45DF-9621-B0CC0C31FEF9}.Ad-Hoc|x64.ActiveCfg = Ad-Hoc|iPhone
		{539A1405-38F6-45DF-9621-B0CC0C31FEF9}.Ad-Hoc|x86.ActiveCfg = Ad-Hoc|iPhone
		{539A1405-38F6-45DF-9621-B0CC0C31FEF9}.AppStore|Any CPU.ActiveCfg = AppStore|iPhone
		{539A1405-38F6-45DF-9621-B0CC0C31FEF9}.AppStore|ARM.ActiveCfg = AppStore|iPhone
		{539A1405-38F6-45DF-9621-B0CC0C31FEF9}.AppStore|iPhone.ActiveCfg = AppStore|iPhone
		{539A1405-38F6-45DF-9621-B0CC0C31FEF9}.AppStore|iPhone.Build.0 = AppStore|iPhone
		{539A1405-38F6-45DF-9621-B0CC0C31FEF9}.AppStore|iPhoneSimulator.ActiveCfg = AppStore|iPhoneSimulator
		{539A1405-38F6-45DF-9621-B0CC0C31FEF9}.AppStore|iPhoneSimulator.Build.0 = AppStore|iPhoneSimulator
		{539A1405-38F6-45DF-9621-B0CC0C31FEF9}.AppStore|x64.ActiveCfg = AppStore|iPhone
		{539A1405-38F6-45DF-9621-B0CC0C31FEF9}.AppStore|x86.ActiveCfg = AppStore|iPhone
		{539A1405-38F6-45DF-9621-B0CC0C31FEF9}.Debug|Any CPU.ActiveCfg = Debug|iPhone
		{539A1405-38F6-45DF-9621-B0CC0C31FEF9}.Debug|ARM.ActiveCfg = Debug|iPhone
		{539A1405-38F6-45DF-9621-B0CC0C31FEF9}.Debug|iPhone.ActiveCfg = Debug|iPhone
		{539A1405-38F6-45DF-9621-B0CC0C31FEF9}.Debug|iPhone.Build.0 = Debug|iPhone
		{539A1405-38F6-45DF-9621-B0CC0C31FEF9}.Debug|iPhoneSimulator.ActiveCfg = Debug|iPhoneSimulator
		{539A1405-38F6-45DF-9621-B0CC0C31FEF9}.Debug|iPhoneSimulator.Build.0 = Debug|iPhoneSimulator
		{539A1405-38F6-45DF-9621-B0CC0C31FEF9}.Debug|x64.ActiveCfg = Debug|iPhone
		{539A1405-38F6-45DF-9621-B0CC0C31FEF9}.Debug|x86.ActiveCfg = Debug|iPhone
		{539A1405-38F6-45DF-9621-B0CC0C31FEF9}.Release|Any CPU.ActiveCfg = Release|iPhone
		{539A1405-38F6-45DF-9621-B0CC0C31FEF9}.Release|ARM.ActiveCfg = Release|iPhone
		{539A1405-38F6-45DF-9621-B0CC0C31FEF9}.Release|iPhone.ActiveCfg = Release|iPhone
		{539A1405-38F6-45DF-9621-B0CC0C31FEF9}.Release|iPhone.Build.0 = Release|iPhone
		{539A1405-38F6-45DF-9621-B0CC0C31FEF9}.Release|iPhoneSimulator.ActiveCfg = Release|iPhoneSimulator
		{539A1405-38F6-45DF-9621-B0CC0C31FEF9}.Release|iPhoneSimulator.Build.0 = Release|iPhoneSimulator
		{539A1405-38F6-45DF-9621-B0CC0C31FEF9}.Release|x64.ActiveCfg = Release|iPhone
		{539A1405-38F6-45DF-9621-B0CC0C31FEF9}.Release|x86.ActiveCfg = Release|iPhone
	EndGlobalSection
	GlobalSection(SolutionProperties) = preSolution
		HideSolutionNode = FALSE
	EndGlobalSection
	GlobalSection(ExtensibilityGlobals) = postSolution
		SolutionGuid = {A57A1E83-C5FF-4112-BB1D-7B413133372E}
	EndGlobalSection
EndGlobal
